
Microsoft Visual Studio Solution File, Format Version 12.00
# Visual Studio Version 16
VisualStudioVersion = 16.0.29209.62
MinimumVisualStudioVersion = 10.0.40219.1
Project("{FAE04EC0-301F-11D3-BF4B-00C04F79EFBC}") = "RevisaoWebApi", "RevisãoWebApi\RevisaoWebApi.csproj", "{56D98E5E-74D1-4954-AB9C-341D9A74AFAE}"
EndProject
Global
	GlobalSection(SolutionConfigurationPlatforms) = preSolution
		Debug|Any CPU = Debug|Any CPU
		Release|Any CPU = Release|Any CPU
	EndGlobalSection
	GlobalSection(ProjectConfigurationPlatforms) = postSolution
		{56D98E5E-74D1-4954-AB9C-341D9A74AFAE}.Debug|Any CPU.ActiveCfg = Debug|Any CPU
		{56D98E5E-74D1-4954-AB9C-341D9A74AFAE}.Debug|Any CPU.Build.0 = Debug|Any CPU
		{56D98E5E-74D1-4954-AB9C-341D9A74AFAE}.Release|Any CPU.ActiveCfg = Release|Any CPU
		{56D98E5E-74D1-4954-AB9C-341D9A74AFAE}.Release|Any CPU.Build.0 = Release|Any CPU
	EndGlobalSection
	GlobalSection(SolutionProperties) = preSolution
		HideSolutionNode = FALSE
	EndGlobalSection
	GlobalSection(ExtensibilityGlobals) = postSolution
		SolutionGuid = {A0E8681D-21B8-4C8E-81A3-7F818AD4DBD3}
	EndGlobalSection
EndGlobal
